
Microsoft Visual Studio Solution File, Format Version 12.00
# Visual Studio 15
VisualStudioVersion = 15.0.26403.7
MinimumVisualStudioVersion = 10.0.40219.1
Project("{FAE04EC0-301F-11D3-BF4B-00C04F79EFBC}") = "WCF_Console", "WCF_Console\WCF_Console\WCF_Console.csproj", "{FA704E10-3F15-405C-AD44-5D22EE508243}"
EndProject
Project("{FAE04EC0-301F-11D3-BF4B-00C04F79EFBC}") = "WCFClient", "WCFClient\WCFClient\WCFClient.csproj", "{A52E5554-72B8-4964-B934-457D59766A37}"
EndProject
Project("{FAE04EC0-301F-11D3-BF4B-00C04F79EFBC}") = "WCF_PurchaseModule", "WCFServer\WCFServer\WCF_PurchaseModule\WCF_PurchaseModule.csproj", "{BFBE5F79-0CFD-476C-B786-7E3001F88509}"
EndProject
Global
	GlobalSection(SolutionConfigurationPlatforms) = preSolution
		Debug|Any CPU = Debug|Any CPU
		Release|Any CPU = Release|Any CPU
	EndGlobalSection
	GlobalSection(ProjectConfigurationPlatforms) = postSolution
		{FA704E10-3F15-405C-AD44-5D22EE508243}.Debug|Any CPU.ActiveCfg = Debug|Any CPU
		{FA704E10-3F15-405C-AD44-5D22EE508243}.Debug|Any CPU.Build.0 = Debug|Any CPU
		{FA704E10-3F15-405C-AD44-5D22EE508243}.Release|Any CPU.ActiveCfg = Release|Any CPU
		{FA704E10-3F15-405C-AD44-5D22EE508243}.Release|Any CPU.Build.0 = Release|Any CPU
		{A52E5554-72B8-4964-B934-457D59766A37}.Debug|Any CPU.ActiveCfg = Debug|Any CPU
		{A52E5554-72B8-4964-B934-457D59766A37}.Debug|Any CPU.Build.0 = Debug|Any CPU
		{A52E5554-72B8-4964-B934-457D59766A37}.Release|Any CPU.ActiveCfg = Release|Any CPU
		{A52E5554-72B8-4964-B934-457D59766A37}.Release|Any CPU.Build.0 = Release|Any CPU
		{BFBE5F79-0CFD-476C-B786-7E3001F88509}.Debug|Any CPU.ActiveCfg = Debug|Any CPU
		{BFBE5F79-0CFD-476C-B786-7E3001F88509}.Debug|Any CPU.Build.0 = Debug|Any CPU
		{BFBE5F79-0CFD-476C-B786-7E3001F88509}.Release|Any CPU.ActiveCfg = Release|Any CPU
		{BFBE5F79-0CFD-476C-B786-7E3001F88509}.Release|Any CPU.Build.0 = Release|Any CPU
	EndGlobalSection
	GlobalSection(SolutionProperties) = preSolution
		HideSolutionNode = FALSE
	EndGlobalSection
EndGlobal
